
Microsoft Visual Studio Solution File, Format Version 12.00
# Visual Studio Version 17
VisualStudioVersion = 17.0.31808.319
MinimumVisualStudioVersion = 10.0.40219.1
Project("{FAE04EC0-301F-11D3-BF4B-00C04F79EFBC}") = "BlazorWebAssembly", "BlazorWebAssembly\BlazorWebAssembly.csproj", "{28C84897-15D5-4817-8443-8C52CCDB336E}"
EndProject
Global
	GlobalSection(SolutionConfigurationPlatforms) = preSolution
		Debug|Any CPU = Debug|Any CPU
		Release|Any CPU = Release|Any CPU
	EndGlobalSection
	GlobalSection(ProjectConfigurationPlatforms) = postSolution
		{28C84897-15D5-4817-8443-8C52CCDB336E}.Debug|Any CPU.ActiveCfg = Debug|Any CPU
		{28C84897-15D5-4817-8443-8C52CCDB336E}.Debug|Any CPU.Build.0 = Debug|Any CPU
		{28C84897-15D5-4817-8443-8C52CCDB336E}.Release|Any CPU.ActiveCfg = Release|Any CPU
		{28C84897-15D5-4817-8443-8C52CCDB336E}.Release|Any CPU.Build.0 = Release|Any CPU
	EndGlobalSection
	GlobalSection(SolutionProperties) = preSolution
		HideSolutionNode = FALSE
	EndGlobalSection
	GlobalSection(ExtensibilityGlobals) = postSolution
		SolutionGuid = {D91F58A1-6797-4EB1-A75C-F165E84FB951}
	EndGlobalSection
EndGlobal
